
Microsoft Visual Studio Solution File, Format Version 12.00
# Visual Studio Version 16
VisualStudioVersion = 16.0.30002.166
MinimumVisualStudioVersion = 10.0.40219.1
Project("{FAE04EC0-301F-11D3-BF4B-00C04F79EFBC}") = "EMED", "EMED\EMED.csproj", "{87EAC5F6-83E3-48E9-85E3-680A4700FDCC}"
EndProject
Global
	GlobalSection(SolutionConfigurationPlatforms) = preSolution
		Debug|Any CPU = Debug|Any CPU
		Release|Any CPU = Release|Any CPU
	EndGlobalSection
	GlobalSection(ProjectConfigurationPlatforms) = postSolution
		{87EAC5F6-83E3-48E9-85E3-680A4700FDCC}.Debug|Any CPU.ActiveCfg = Debug|Any CPU
		{87EAC5F6-83E3-48E9-85E3-680A4700FDCC}.Debug|Any CPU.Build.0 = Debug|Any CPU
		{87EAC5F6-83E3-48E9-85E3-680A4700FDCC}.Release|Any CPU.ActiveCfg = Release|Any CPU
		{87EAC5F6-83E3-48E9-85E3-680A4700FDCC}.Release|Any CPU.Build.0 = Release|Any CPU
	EndGlobalSection
	GlobalSection(SolutionProperties) = preSolution
		HideSolutionNode = FALSE
	EndGlobalSection
	GlobalSection(ExtensibilityGlobals) = postSolution
		SolutionGuid = {C1685C8D-88E8-4335-A9AF-6221F841B482}
	EndGlobalSection
EndGlobal
